
Microsoft Visual Studio Solution File, Format Version 12.00
# Visual Studio Version 16
VisualStudioVersion = 16.0.31911.196
MinimumVisualStudioVersion = 10.0.40219.1
Project("{FAE04EC0-301F-11D3-BF4B-00C04F79EFBC}") = "CumOn", "CumOn.csproj", "{77AD38FB-BB37-4BA8-81AB-2A04E0565EB0}"
EndProject
Global
	GlobalSection(SolutionConfigurationPlatforms) = preSolution
		Debug|Any CPU = Debug|Any CPU
		Release|Any CPU = Release|Any CPU
	EndGlobalSection
	GlobalSection(ProjectConfigurationPlatforms) = postSolution
		{77AD38FB-BB37-4BA8-81AB-2A04E0565EB0}.Debug|Any CPU.ActiveCfg = Debug|Any CPU
		{77AD38FB-BB37-4BA8-81AB-2A04E0565EB0}.Debug|Any CPU.Build.0 = Debug|Any CPU
		{77AD38FB-BB37-4BA8-81AB-2A04E0565EB0}.Release|Any CPU.ActiveCfg = Release|Any CPU
		{77AD38FB-BB37-4BA8-81AB-2A04E0565EB0}.Release|Any CPU.Build.0 = Release|Any CPU
	EndGlobalSection
	GlobalSection(SolutionProperties) = preSolution
		HideSolutionNode = FALSE
	EndGlobalSection
	GlobalSection(ExtensibilityGlobals) = postSolution
		SolutionGuid = {0DE3B0AC-FBE7-4917-94C9-A08FA335FE9B}
	EndGlobalSection
EndGlobal
